
Microsoft Visual Studio Solution File, Format Version 12.00
Project("{FAE04EC0-301F-11D3-BF4B-00C04F79EFBC}") = "Sparky", "Sparky\Sparky.csproj", "{DF5AB542-2E45-4D8B-B266-DF986237596E}"
EndProject
Project("{FAE04EC0-301F-11D3-BF4B-00C04F79EFBC}") = "SparkyMSTest", "SparkyMSTest\SparkyMSTest.csproj", "{AF9B202E-0218-4C4F-AF12-02D5AC4340F8}"
EndProject
Project("{FAE04EC0-301F-11D3-BF4B-00C04F79EFBC}") = "SparkyNunitTest", "SparkyNunitTest\SparkyNunitTest.csproj", "{A1B061DE-2870-4A43-B9E7-857B7708F002}"
EndProject
Project("{FAE04EC0-301F-11D3-BF4B-00C04F79EFBC}") = "XunitTest", "XunitTest\XunitTest.csproj", "{BDFF4E89-265A-41A5-A615-26964F982A89}"
EndProject
Project("{FAE04EC0-301F-11D3-BF4B-00C04F79EFBC}") = "Evaluator", "Evaluator\Evaluator.csproj", "{205DBCC5-1A5C-4666-A162-87A91B04058D}"
EndProject
Project("{FAE04EC0-301F-11D3-BF4B-00C04F79EFBC}") = "TDD-Even-odd", "TDD-Even-odd\TDD-Even-odd.csproj", "{5E077AAA-CA81-4231-8077-9E3A5B9F77E4}"
EndProject
Project("{FAE04EC0-301F-11D3-BF4B-00C04F79EFBC}") = "TDD-Fizz-Buzz", "TDD-Fizz-Buzz\TDD-Fizz-Buzz.csproj", "{2DE08426-1475-42DD-80DC-CF2F8091B56A}"
EndProject
Global
	GlobalSection(SolutionConfigurationPlatforms) = preSolution
		Debug|Any CPU = Debug|Any CPU
		Release|Any CPU = Release|Any CPU
	EndGlobalSection
	GlobalSection(ProjectConfigurationPlatforms) = postSolution
		{DF5AB542-2E45-4D8B-B266-DF986237596E}.Debug|Any CPU.ActiveCfg = Debug|Any CPU
		{DF5AB542-2E45-4D8B-B266-DF986237596E}.Debug|Any CPU.Build.0 = Debug|Any CPU
		{DF5AB542-2E45-4D8B-B266-DF986237596E}.Release|Any CPU.ActiveCfg = Release|Any CPU
		{DF5AB542-2E45-4D8B-B266-DF986237596E}.Release|Any CPU.Build.0 = Release|Any CPU
		{AF9B202E-0218-4C4F-AF12-02D5AC4340F8}.Debug|Any CPU.ActiveCfg = Debug|Any CPU
		{AF9B202E-0218-4C4F-AF12-02D5AC4340F8}.Debug|Any CPU.Build.0 = Debug|Any CPU
		{AF9B202E-0218-4C4F-AF12-02D5AC4340F8}.Release|Any CPU.ActiveCfg = Release|Any CPU
		{AF9B202E-0218-4C4F-AF12-02D5AC4340F8}.Release|Any CPU.Build.0 = Release|Any CPU
		{A1B061DE-2870-4A43-B9E7-857B7708F002}.Debug|Any CPU.ActiveCfg = Debug|Any CPU
		{A1B061DE-2870-4A43-B9E7-857B7708F002}.Debug|Any CPU.Build.0 = Debug|Any CPU
		{A1B061DE-2870-4A43-B9E7-857B7708F002}.Release|Any CPU.ActiveCfg = Release|Any CPU
		{A1B061DE-2870-4A43-B9E7-857B7708F002}.Release|Any CPU.Build.0 = Release|Any CPU
		{BDFF4E89-265A-41A5-A615-26964F982A89}.Debug|Any CPU.ActiveCfg = Debug|Any CPU
		{BDFF4E89-265A-41A5-A615-26964F982A89}.Debug|Any CPU.Build.0 = Debug|Any CPU
		{BDFF4E89-265A-41A5-A615-26964F982A89}.Release|Any CPU.ActiveCfg = Release|Any CPU
		{BDFF4E89-265A-41A5-A615-26964F982A89}.Release|Any CPU.Build.0 = Release|Any CPU
		{205DBCC5-1A5C-4666-A162-87A91B04058D}.Debug|Any CPU.ActiveCfg = Debug|Any CPU
		{205DBCC5-1A5C-4666-A162-87A91B04058D}.Debug|Any CPU.Build.0 = Debug|Any CPU
		{205DBCC5-1A5C-4666-A162-87A91B04058D}.Release|Any CPU.ActiveCfg = Release|Any CPU
		{205DBCC5-1A5C-4666-A162-87A91B04058D}.Release|Any CPU.Build.0 = Release|Any CPU
		{5E077AAA-CA81-4231-8077-9E3A5B9F77E4}.Debug|Any CPU.ActiveCfg = Debug|Any CPU
		{5E077AAA-CA81-4231-8077-9E3A5B9F77E4}.Debug|Any CPU.Build.0 = Debug|Any CPU
		{5E077AAA-CA81-4231-8077-9E3A5B9F77E4}.Release|Any CPU.ActiveCfg = Release|Any CPU
		{5E077AAA-CA81-4231-8077-9E3A5B9F77E4}.Release|Any CPU.Build.0 = Release|Any CPU
		{2DE08426-1475-42DD-80DC-CF2F8091B56A}.Debug|Any CPU.ActiveCfg = Debug|Any CPU
		{2DE08426-1475-42DD-80DC-CF2F8091B56A}.Debug|Any CPU.Build.0 = Debug|Any CPU
		{2DE08426-1475-42DD-80DC-CF2F8091B56A}.Release|Any CPU.ActiveCfg = Release|Any CPU
		{2DE08426-1475-42DD-80DC-CF2F8091B56A}.Release|Any CPU.Build.0 = Release|Any CPU
	EndGlobalSection
EndGlobal
